
Microsoft Visual Studio Solution File, Format Version 12.00
# Visual Studio Version 17
VisualStudioVersion = 17.4.33403.182
MinimumVisualStudioVersion = 10.0.40219.1
Project("{9A19103F-16F7-4668-BE54-9A1E7A4F7556}") = "The_Village_Test", "The_Village_Test.csproj", "{0A2419A3-4851-47D6-8F40-9DCDC039080F}"
EndProject
Project("{9A19103F-16F7-4668-BE54-9A1E7A4F7556}") = "BuildingTest", "..\BuilderTest\BuildingTest.csproj", "{FE8A44CA-6523-44BA-A976-55E9691682B2}"
	ProjectSection(ProjectDependencies) = postProject
		{0A2419A3-4851-47D6-8F40-9DCDC039080F} = {0A2419A3-4851-47D6-8F40-9DCDC039080F}
	EndProjectSection
EndProject
Project("{9A19103F-16F7-4668-BE54-9A1E7A4F7556}") = "VillageTest", "..\VillageTest\VillageTest.csproj", "{3B1FD388-54D0-41DE-A2D3-5B6C2235DAAA}"
EndProject
Project("{9A19103F-16F7-4668-BE54-9A1E7A4F7556}") = "GameHandlerTest", "..\GameHandlerTest\GameHandlerTest.csproj", "{6936FF68-D280-4E4E-B638-347CC34CD665}"
EndProject
Project("{FAE04EC0-301F-11D3-BF4B-00C04F79EFBC}") = "DatabaseConnectionTest", "..\DatabaseConnectionTest\DatabaseConnectionTest.csproj", "{561932F5-E074-4A72-B809-A817F31B02E8}"
EndProject
Global
	GlobalSection(SolutionConfigurationPlatforms) = preSolution
		Debug|Any CPU = Debug|Any CPU
		Release|Any CPU = Release|Any CPU
	EndGlobalSection
	GlobalSection(ProjectConfigurationPlatforms) = postSolution
		{0A2419A3-4851-47D6-8F40-9DCDC039080F}.Debug|Any CPU.ActiveCfg = Debug|Any CPU
		{0A2419A3-4851-47D6-8F40-9DCDC039080F}.Debug|Any CPU.Build.0 = Debug|Any CPU
		{0A2419A3-4851-47D6-8F40-9DCDC039080F}.Release|Any CPU.ActiveCfg = Release|Any CPU
		{0A2419A3-4851-47D6-8F40-9DCDC039080F}.Release|Any CPU.Build.0 = Release|Any CPU
		{FE8A44CA-6523-44BA-A976-55E9691682B2}.Debug|Any CPU.ActiveCfg = Debug|Any CPU
		{FE8A44CA-6523-44BA-A976-55E9691682B2}.Debug|Any CPU.Build.0 = Debug|Any CPU
		{FE8A44CA-6523-44BA-A976-55E9691682B2}.Release|Any CPU.ActiveCfg = Release|Any CPU
		{FE8A44CA-6523-44BA-A976-55E9691682B2}.Release|Any CPU.Build.0 = Release|Any CPU
		{3B1FD388-54D0-41DE-A2D3-5B6C2235DAAA}.Debug|Any CPU.ActiveCfg = Debug|Any CPU
		{3B1FD388-54D0-41DE-A2D3-5B6C2235DAAA}.Debug|Any CPU.Build.0 = Debug|Any CPU
		{3B1FD388-54D0-41DE-A2D3-5B6C2235DAAA}.Release|Any CPU.ActiveCfg = Release|Any CPU
		{3B1FD388-54D0-41DE-A2D3-5B6C2235DAAA}.Release|Any CPU.Build.0 = Release|Any CPU
		{6936FF68-D280-4E4E-B638-347CC34CD665}.Debug|Any CPU.ActiveCfg = Debug|Any CPU
		{6936FF68-D280-4E4E-B638-347CC34CD665}.Debug|Any CPU.Build.0 = Debug|Any CPU
		{6936FF68-D280-4E4E-B638-347CC34CD665}.Release|Any CPU.ActiveCfg = Release|Any CPU
		{6936FF68-D280-4E4E-B638-347CC34CD665}.Release|Any CPU.Build.0 = Release|Any CPU
		{561932F5-E074-4A72-B809-A817F31B02E8}.Debug|Any CPU.ActiveCfg = Debug|Any CPU
		{561932F5-E074-4A72-B809-A817F31B02E8}.Debug|Any CPU.Build.0 = Debug|Any CPU
		{561932F5-E074-4A72-B809-A817F31B02E8}.Release|Any CPU.ActiveCfg = Release|Any CPU
		{561932F5-E074-4A72-B809-A817F31B02E8}.Release|Any CPU.Build.0 = Release|Any CPU
	EndGlobalSection
	GlobalSection(SolutionProperties) = preSolution
		HideSolutionNode = FALSE
	EndGlobalSection
	GlobalSection(ExtensibilityGlobals) = postSolution
		SolutionGuid = {717CD639-3CC0-4A71-9B4D-43E40372BA42}
	EndGlobalSection
EndGlobal
